// !$*UTF8*$!
{
	archiveVersion = 1;
	classes = {
	};
	objectVersion = 50;
	objects = {

/* Begin PBXBuildFile section */
		4EA0620323967D0E00749EA3 /* AppDelegate.swift in Sources */ = {isa = PBXBuildFile; fileRef = 4EA0620223967D0E00749EA3 /* AppDelegate.swift */; };
		4EA0620523967D0E00749EA3 /* ViewController.swift in Sources */ = {isa = PBXBuildFile; fileRef = 4EA0620423967D0E00749EA3 /* ViewController.swift */; };
		4EA0620823967D0E00749EA3 /* Main.storyboard in Resources */ = {isa = PBXBuildFile; fileRef = 4EA0620623967D0E00749EA3 /* Main.storyboard */; };
		4EA0620A23967D0F00749EA3 /* Assets.xcassets in Resources */ = {isa = PBXBuildFile; fileRef = 4EA0620923967D0F00749EA3 /* Assets.xcassets */; };
		4EA0620D23967D0F00749EA3 /* LaunchScreen.storyboard in Resources */ = {isa = PBXBuildFile; fileRef = 4EA0620B23967D0F00749EA3 /* LaunchScreen.storyboard */; };
		4EA0621523967D2000749EA3 /* ExtensionUivew.swift in Sources */ = {isa = PBXBuildFile; fileRef = 4EA0621423967D2000749EA3 /* ExtensionUivew.swift */; };
		4EA0621A23967DA000749EA3 /* CanvasView.swift in Sources */ = {isa = PBXBuildFile; fileRef = 4EA0621923967DA000749EA3 /* CanvasView.swift */; };
		4EA0621C2396815700749EA3 /* MNIST.mlmodel in Sources */ = {isa = PBXBuildFile; fileRef = 4EA0621B2396815700749EA3 /* MNIST.mlmodel */; };
/* End PBXBuildFile section */

/* Begin PBXFileReference section */
		4EA061FF23967D0E00749EA3 /* Let's Play Draw.app */ = {isa = PBXFileReference; explicitFileType = wrapper.application; includeInIndex = 0; path = "Let's Play Draw.app"; sourceTree = BUILT_PRODUCTS_DIR; };
		4EA0620223967D0E00749EA3 /* AppDelegate.swift */ = {isa = PBXFileReference; lastKnownFileType = sourcecode.swift; path = AppDelegate.swift; sourceTree = "<group>"; };
		4EA0620423967D0E00749EA3 /* ViewController.swift */ = {isa = PBXFileReference; lastKnownFileType = sourcecode.swift; path = ViewController.swift; sourceTree = "<group>"; };
		4EA0620723967D0E00749EA3 /* Base */ = {isa = PBXFileReference; lastKnownFileType = file.storyboard; name = Base; path = Base.lproj/Main.storyboard; sourceTree = "<group>"; };
		4EA0620923967D0F00749EA3 /* Assets.xcassets */ = {isa = PBXFileReference; lastKnownFileType = folder.assetcatalog; path = Assets.xcassets; sourceTree = "<group>"; };
		4EA0620C23967D0F00749EA3 /* Base */ = {isa = PBXFileReference; lastKnownFileType = file.storyboard; name = Base; path = Base.lproj/LaunchScreen.storyboard; sourceTree = "<group>"; };
		4EA0620E23967D0F00749EA3 /* Info.plist */ = {isa = PBXFileReference; lastKnownFileType = text.plist.xml; path = Info.plist; sourceTree = "<group>"; };
		4EA0621423967D2000749EA3 /* ExtensionUivew.swift */ = {isa = PBXFileReference; fileEncoding = 4; lastKnownFileType = sourcecode.swift; path = ExtensionUivew.swift; sourceTree = "<group>"; };
		4EA0621923967DA000749EA3 /* CanvasView.swift */ = {isa = PBXFileReference; lastKnownFileType = sourcecode.swift; path = CanvasView.swift; sourceTree = "<group>"; };
		4EA0621B2396815700749EA3 /* MNIST.mlmodel */ = {isa = PBXFileReference; lastKnownFileType = file.mlmodel; path = MNIST.mlmodel; sourceTree = "<group>"; };
/* End PBXFileReference section */

/* Begin PBXFrameworksBuildPhase section */
		4EA061FC23967D0E00749EA3 /* Frameworks */ = {
			isa = PBXFrameworksBuildPhase;
			buildActionMask = 2147483647;
			files = (
			);
			runOnlyForDeploymentPostprocessing = 0;
		};
/* End PBXFrameworksBuildPhase section */

/* Begin PBXGroup section */
		4EA061F623967D0E00749EA3 = {
			isa = PBXGroup;
			children = (
				4EA0620123967D0E00749EA3 /* Let's Play Draw */,
				4EA0620023967D0E00749EA3 /* Products */,
			);
			sourceTree = "<group>";
		};
		4EA0620023967D0E00749EA3 /* Products */ = {
			isa = PBXGroup;
			children = (
				4EA061FF23967D0E00749EA3 /* Let's Play Draw.app */,
			);
			name = Products;
			sourceTree = "<group>";
		};
		4EA0620123967D0E00749EA3 /* Let's Play Draw */ = {
			isa = PBXGroup;
			children = (
				4EA0620223967D0E00749EA3 /* AppDelegate.swift */,
				4EA0621823967D7000749EA3 /* model */,
				4EA0621723967D6A00749EA3 /* view */,
				4EA0621623967D6300749EA3 /* controller */,
				4EA0620623967D0E00749EA3 /* Main.storyboard */,
				4EA0620923967D0F00749EA3 /* Assets.xcassets */,
				4EA0620B23967D0F00749EA3 /* LaunchScreen.storyboard */,
				4EA0620E23967D0F00749EA3 /* Info.plist */,
				4EA0621423967D2000749EA3 /* ExtensionUivew.swift */,
			);
			path = "Let's Play Draw";
			sourceTree = "<group>";
		};
		4EA0621623967D6300749EA3 /* controller */ = {
			isa = PBXGroup;
			children = (
				4EA0620423967D0E00749EA3 /* ViewController.swift */,
				4EA0621B2396815700749EA3 /* MNIST.mlmodel */,
			);
			path = controller;
			sourceTree = "<group>";
		};
		4EA0621723967D6A00749EA3 /* view */ = {
			isa = PBXGroup;
			children = (
				4EA0621923967DA000749EA3 /* CanvasView.swift */,
			);
			path = view;
			sourceTree = "<group>";
		};
		4EA0621823967D7000749EA3 /* model */ = {
			isa = PBXGroup;
			children = (
			);
			path = model;
			sourceTree = "<group>";
		};
/* End PBXGroup section */

/* Begin PBXNativeTarget section */
		4EA061FE23967D0E00749EA3 /* Let's Play Draw */ = {
			isa = PBXNativeTarget;
			buildConfigurationList = 4EA0621123967D0F00749EA3 /* Build configuration list for PBXNativeTarget "Let's Play Draw" */;
			buildPhases = (
				4EA061FB23967D0E00749EA3 /* Sources */,
				4EA061FC23967D0E00749EA3 /* Frameworks */,
				4EA061FD23967D0E00749EA3 /* Resources */,
			);
			buildRules = (
			);
			dependencies = (
			);
			name = "Let's Play Draw";
			productName = "Let's Play Draw";
			productReference = 4EA061FF23967D0E00749EA3 /* Let's Play Draw.app */;
			productType = "com.apple.product-type.application";
		};
/* End PBXNativeTarget section */

/* Begin PBXProject section */
		4EA061F723967D0E00749EA3 /* Project object */ = {
			isa = PBXProject;
			attributes = {
				LastSwiftUpdateCheck = 1020;
				LastUpgradeCheck = 1020;
				ORGANIZATIONNAME = hosam;
				TargetAttributes = {
					4EA061FE23967D0E00749EA3 = {
						CreatedOnToolsVersion = 10.2.1;
					};
				};
			};
			buildConfigurationList = 4EA061FA23967D0E00749EA3 /* Build configuration list for PBXProject "Let's Play Draw" */;
			compatibilityVersion = "Xcode 9.3";
			developmentRegion = en;
			hasScannedForEncodings = 0;
			knownRegions = (
				en,
				Base,
			);
			mainGroup = 4EA061F623967D0E00749EA3;
			productRefGroup = 4EA0620023967D0E00749EA3 /* Products */;
			projectDirPath = "";
			projectRoot = "";
			targets = (
				4EA061FE23967D0E00749EA3 /* Let's Play Draw */,
			);
		};
/* End PBXProject section */

/* Begin PBXResourcesBuildPhase section */
		4EA061FD23967D0E00749EA3 /* Resources */ = {
			isa = PBXResourcesBuildPhase;
			buildActionMask = 2147483647;
			files = (
				4EA0620D23967D0F00749EA3 /* LaunchScreen.storyboard in Resources */,
				4EA0620A23967D0F00749EA3 /* Assets.xcassets in Resources */,
				4EA0620823967D0E00749EA3 /* Main.storyboard in Resources */,
			);
			runOnlyForDeploymentPostprocessing = 0;
		};
/* End PBXResourcesBuildPhase section */

/* Begin PBXSourcesBuildPhase section */
		4EA061FB23967D0E00749EA3 /* Sources */ = {
			isa = PBXSourcesBuildPhase;
			buildActionMask = 2147483647;
			files = (
				4EA0620523967D0E00749EA3 /* ViewController.swift in Sources */,
				4EA0620323967D0E00749EA3 /* AppDelegate.swift in Sources */,
				4EA0621A23967DA000749EA3 /* CanvasView.swift in Sources */,
				4EA0621C2396815700749EA3 /* MNIST.mlmodel in Sources */,
				4EA0621523967D2000749EA3 /* ExtensionUivew.swift in Sources */,
			);
			runOnlyForDeploymentPostprocessing = 0;
		};
/* End PBXSourcesBuildPhase section */

/* Begin PBXVariantGroup section */
		4EA0620623967D0E00749EA3 /* Main.storyboard */ = {
			isa = PBXVariantGroup;
			children = (
				4EA0620723967D0E00749EA3 /* Base */,
			);
			name = Main.storyboard;
			sourceTree = "<group>";
		};
		4EA0620B23967D0F00749EA3 /* LaunchScreen.storyboard */ = {
			isa = PBXVariantGroup;
			children = (
				4EA0620C23967D0F00749EA3 /* Base */,
			);
			name = LaunchScreen.storyboard;
			sourceTree = "<group>";
		};
/* End PBXVariantGroup section */

/* Begin XCBuildConfiguration section */
		4EA0620F23967D0F00749EA3 /* Debug */ = {
			isa = XCBuildConfiguration;
			buildSettings = {
				ALWAYS_SEARCH_USER_PATHS = NO;
				CLANG_ANALYZER_NONNULL = YES;
				CLANG_ANALYZER_NUMBER_OBJECT_CONVERSION = YES_AGGRESSIVE;
				CLANG_CXX_LANGUAGE_STANDARD = "gnu++14";
				CLANG_CXX_LIBRARY = "libc++";
				CLANG_ENABLE_MODULES = YES;
				CLANG_ENABLE_OBJC_ARC = YES;
				CLANG_ENABLE_OBJC_WEAK = YES;
				CLANG_WARN_BLOCK_CAPTURE_AUTORELEASING = YES;
				CLANG_WARN_BOOL_CONVERSION = YES;
				CLANG_WARN_COMMA = YES;
				CLANG_WARN_CONSTANT_CONVERSION = YES;
				CLANG_WARN_DEPRECATED_OBJC_IMPLEMENTATIONS = YES;
				CLANG_WARN_DIRECT_OBJC_ISA_USAGE = YES_ERROR;
				CLANG_WARN_DOCUMENTATION_COMMENTS = YES;
				CLANG_WARN_EMPTY_BODY = YES;
				CLANG_WARN_ENUM_CONVERSION = YES;
				CLANG_WARN_INFINITE_RECURSION = YES;
				CLANG_WARN_INT_CONVERSION = YES;
				CLANG_WARN_NON_LITERAL_NULL_CONVERSION = YES;
				CLANG_WARN_OBJC_IMPLICIT_RETAIN_SELF = YES;
				CLANG_WARN_OBJC_LITERAL_CONVERSION = YES;
				CLANG_WARN_OBJC_ROOT_CLASS = YES_ERROR;
				CLANG_WARN_RANGE_LOOP_ANALYSIS = YES;
				CLANG_WARN_STRICT_PROTOTYPES = YES;
				CLANG_WARN_SUSPICIOUS_MOVE = YES;
				CLANG_WARN_UNGUARDED_AVAILABILITY = YES_AGGRESSIVE;
				CLANG_WARN_UNREACHABLE_CODE = YES;
				CLANG_WARN__DUPLICATE_METHOD_MATCH = YES;
				CODE_SIGN_IDENTITY = "iPhone Developer";
				COPY_PHASE_STRIP = NO;
				DEBUG_INFORMATION_FORMAT = dwarf;
				ENABLE_STRICT_OBJC_MSGSEND = YES;
				ENABLE_TESTABILITY = YES;
				GCC_C_LANGUAGE_STANDARD = gnu11;
				GCC_DYNAMIC_NO_PIC = NO;
				GCC_NO_COMMON_BLOCKS = YES;
				GCC_OPTIMIZATION_LEVEL = 0;
				GCC_PREPROCESSOR_DEFINITIONS = (
					"DEBUG=1",
					"$(inherited)",
				);
				GCC_WARN_64_TO_32_BIT_CONVERSION = YES;
				GCC_WARN_ABOUT_RETURN_TYPE = YES_ERROR;
				GCC_WARN_UNDECLARED_SELECTOR = YES;
				GCC_WARN_UNINITIALIZED_AUTOS = YES_AGGRESSIVE;
				GCC_WARN_UNUSED_FUNCTION = YES;
				GCC_WARN_UNUSED_VARIABLE = YES;
				IPHONEOS_DEPLOYMENT_TARGET = 12.2;
				MTL_ENABLE_DEBUG_INFO = INCLUDE_SOURCE;
				MTL_FAST_MATH = YES;
				ONLY_ACTIVE_ARCH = YES;
				SDKROOT = iphoneos;
				SWIFT_ACTIVE_COMPILATION_CONDITIONS = DEBUG;
				SWIFT_OPTIMIZATION_LEVEL = "-Onone";
			};
			name = Debug;
		};
		4EA0621023967D0F00749EA3 /* Release */ = {
			isa = XCBuildConfiguration;
			buildSettings = {
				ALWAYS_SEARCH_USER_PATHS = NO;
				CLANG_ANALYZER_NONNULL = YES;
				CLANG_ANALYZER_NUMBER_OBJECT_CONVERSION = YES_AGGRESSIVE;
				CLANG_CXX_LANGUAGE_STANDARD = "gnu++14";
				CLANG_CXX_LIBRARY = "libc++";
				CLANG_ENABLE_MODULES = YES;
				CLANG_ENABLE_OBJC_ARC = YES;
				CLANG_ENABLE_OBJC_WEAK = YES;
				CLANG_WARN_BLOCK_CAPTURE_AUTORELEASING = YES;
				CLANG_WARN_BOOL_CONVERSION = YES;
				CLANG_WARN_COMMA = YES;
				CLANG_WARN_CONSTANT_CONVERSION = YES;
				CLANG_WARN_DEPRECATED_OBJC_IMPLEMENTATIONS = YES;
				CLANG_WARN_DIRECT_OBJC_ISA_USAGE = YES_ERROR;
				CLANG_WARN_DOCUMENTATION_COMMENTS = YES;
				CLANG_WARN_EMPTY_BODY = YES;
				CLANG_WARN_ENUM_CONVERSION = YES;
				CLANG_WARN_INFINITE_RECURSION = YES;
				CLANG_WARN_INT_CONVERSION = YES;
				CLANG_WARN_NON_LITERAL_NULL_CONVERSION = YES;
				CLANG_WARN_OBJC_IMPLICIT_RETAIN_SELF = YES;
				CLANG_WARN_OBJC_LITERAL_CONVERSION = YES;
				CLANG_WARN_OBJC_ROOT_CLASS = YES_ERROR;
				CLANG_WARN_RANGE_LOOP_ANALYSIS = YES;
				CLANG_WARN_STRICT_PROTOTYPES = YES;
				CLANG_WARN_SUSPICIOUS_MOVE = YES;
				CLANG_WARN_UNGUARDED_AVAILABILITY = YES_AGGRESSIVE;
				CLANG_WARN_UNREACHABLE_CODE = YES;
				CLANG_WARN__DUPLICATE_METHOD_MATCH = YES;
				CODE_SIGN_IDENTITY = "iPhone Developer";
				COPY_PHASE_STRIP = NO;
				DEBUG_INFORMATION_FORMAT = "dwarf-with-dsym";
				ENABLE_NS_ASSERTIONS = NO;
				ENABLE_STRICT_OBJC_MSGSEND = YES;
				GCC_C_LANGUAGE_STANDARD = gnu11;
				GCC_NO_COMMON_BLOCKS = YES;
				GCC_WARN_64_TO_32_BIT_CONVERSION = YES;
				GCC_WARN_ABOUT_RETURN_TYPE = YES_ERROR;
				GCC_WARN_UNDECLARED_SELECTOR = YES;
				GCC_WARN_UNINITIALIZED_AUTOS = YES_AGGRESSIVE;
				GCC_WARN_UNUSED_FUNCTION = YES;
				GCC_WARN_UNUSED_VARIABLE = YES;
				IPHONEOS_DEPLOYMENT_TARGET = 12.2;
				MTL_ENABLE_DEBUG_INFO = NO;
				MTL_FAST_MATH = YES;
				SDKROOT = iphoneos;
				SWIFT_COMPILATION_MODE = wholemodule;
				SWIFT_OPTIMIZATION_LEVEL = "-O";
				VALIDATE_PRODUCT = YES;
			};
			name = Release;
		};
		4EA0621223967D0F00749EA3 /* Debug */ = {
			isa = XCBuildConfiguration;
			buildSettings = {
				ASSETCATALOG_COMPILER_APPICON_NAME = AppIcon;
				CODE_SIGN_STYLE = Automatic;
				DEVELOPMENT_TEAM = 5RTZJMVRS2;
				INFOPLIST_FILE = "Let's Play Draw/Info.plist";
				LD_RUNPATH_SEARCH_PATHS = (
					"$(inherited)",
					"@executable_path/Frameworks",
				);
				PRODUCT_BUNDLE_IDENTIFIER = "com.hosam.net.Let-s-Play-Draw";
				PRODUCT_NAME = "$(TARGET_NAME)";
				SWIFT_VERSION = 5.0;
				TARGETED_DEVICE_FAMILY = "1,2";
			};
			name = Debug;
		};
		4EA0621323967D0F00749EA3 /* Release */ = {
			isa = XCBuildConfiguration;
			buildSettings = {
				ASSETCATALOG_COMPILER_APPICON_NAME = AppIcon;
				CODE_SIGN_STYLE = Automatic;
				DEVELOPMENT_TEAM = 5RTZJMVRS2;
				INFOPLIST_FILE = "Let's Play Draw/Info.plist";
				LD_RUNPATH_SEARCH_PATHS = (
					"$(inherited)",
					"@executable_path/Frameworks",
				);
				PRODUCT_BUNDLE_IDENTIFIER = "com.hosam.net.Let-s-Play-Draw";
				PRODUCT_NAME = "$(TARGET_NAME)";
				SWIFT_VERSION = 5.0;
				TARGETED_DEVICE_FAMILY = "1,2";
			};
			name = Release;
		};
/* End XCBuildConfiguration section */

/* Begin XCConfigurationList section */
		4EA061FA23967D0E00749EA3 /* Build configuration list for PBXProject "Let's Play Draw" */ = {
			isa = XCConfigurationList;
			buildConfigurations = (
				4EA0620F23967D0F00749EA3 /* Debug */,
				4EA0621023967D0F00749EA3 /* Release */,
			);
			defaultConfigurationIsVisible = 0;
			defaultConfigurationName = Release;
		};
		4EA0621123967D0F00749EA3 /* Build configuration list for PBXNativeTarget "Let's Play Draw" */ = {
			isa = XCConfigurationList;
			buildConfigurations = (
				4EA0621223967D0F00749EA3 /* Debug */,
				4EA0621323967D0F00749EA3 /* Release */,
			);
			defaultConfigurationIsVisible = 0;
			defaultConfigurationName = Release;
		};
/* End XCConfigurationList section */
	};
	rootObject = 4EA061F723967D0E00749EA3 /* Project object */;
}
